
Microsoft Visual Studio Solution File, Format Version 12.00
# Visual Studio 15
VisualStudioVersion = 15.0.28307.168
MinimumVisualStudioVersion = 10.0.40219.1
Project("{FAE04EC0-301F-11D3-BF4B-00C04F79EFBC}") = "Serenity", "Serenity\Serenity.csproj", "{1A21B30A-627A-44CF-8DF4-B8375F643CAF}"
EndProject
Project("{FAE04EC0-301F-11D3-BF4B-00C04F79EFBC}") = "Serenity.Tests", "Serenity.Tests\Serenity.Tests.csproj", "{D6CECCC7-DFAA-4F02-9B1B-FE6A61860094}"
EndProject
Global
	GlobalSection(SolutionConfigurationPlatforms) = preSolution
		Debug|Any CPU = Debug|Any CPU
		Release|Any CPU = Release|Any CPU
	EndGlobalSection
	GlobalSection(ProjectConfigurationPlatforms) = postSolution
		{1A21B30A-627A-44CF-8DF4-B8375F643CAF}.Debug|Any CPU.ActiveCfg = Debug|Any CPU
		{1A21B30A-627A-44CF-8DF4-B8375F643CAF}.Debug|Any CPU.Build.0 = Debug|Any CPU
		{1A21B30A-627A-44CF-8DF4-B8375F643CAF}.Release|Any CPU.ActiveCfg = Release|Any CPU
		{1A21B30A-627A-44CF-8DF4-B8375F643CAF}.Release|Any CPU.Build.0 = Release|Any CPU
		{D6CECCC7-DFAA-4F02-9B1B-FE6A61860094}.Debug|Any CPU.ActiveCfg = Debug|Any CPU
		{D6CECCC7-DFAA-4F02-9B1B-FE6A61860094}.Debug|Any CPU.Build.0 = Debug|Any CPU
		{D6CECCC7-DFAA-4F02-9B1B-FE6A61860094}.Release|Any CPU.ActiveCfg = Release|Any CPU
		{D6CECCC7-DFAA-4F02-9B1B-FE6A61860094}.Release|Any CPU.Build.0 = Release|Any CPU
	EndGlobalSection
	GlobalSection(SolutionProperties) = preSolution
		HideSolutionNode = FALSE
	EndGlobalSection
	GlobalSection(ExtensibilityGlobals) = postSolution
		SolutionGuid = {C89ECF0F-3132-419F-9EAB-DE8D082FF54E}
	EndGlobalSection
EndGlobal
